
Microsoft Visual Studio Solution File, Format Version 12.00
# Visual Studio 15
VisualStudioVersion = 15.0.27428.2043
MinimumVisualStudioVersion = 10.0.40219.1
Project("{9A19103F-16F7-4668-BE54-9A1E7A4F7556}") = "Eirpoint.Mobile", "Eirpoint.Mobile\Eirpoint.Mobile.csproj", "{031A66F6-22D3-4A87-8567-0718FE3F4AB9}"
EndProject
Project("{FAE04EC0-301F-11D3-BF4B-00C04F79EFBC}") = "Eirpoint.Mobile.Android", "Eirpoint.Mobile.Android\Eirpoint.Mobile.Android.csproj", "{BE23DDFD-1FF2-4EAA-B146-982AF8341EA1}"
EndProject
Project("{FAE04EC0-301F-11D3-BF4B-00C04F79EFBC}") = "Eirpoint.Mobile.iOS", "Eirpoint.Mobile.iOS\Eirpoint.Mobile.iOS.csproj", "{77A808F1-2185-4713-B850-57FF90F9CE87}"
EndProject
Project("{FAE04EC0-301F-11D3-BF4B-00C04F79EFBC}") = "Eirpoint.Mobile.UWP", "Eirpoint.Mobile.UWP\Eirpoint.Mobile.UWP.csproj", "{28FCDCBE-84FB-4C96-A4C6-F55FCBE53296}"
EndProject
Project("{2150E333-8FDC-42A3-9474-1A3956D46DE8}") = "Platform", "Platform", "{181674AE-6D2B-4095-9DFD-BFB1658D7C9F}"
EndProject
Project("{9A19103F-16F7-4668-BE54-9A1E7A4F7556}") = "Platform.Datasource", "..\eirpoint.platform\platform.datasource\Platform.Datasource.csproj", "{25A0987A-D691-4FD2-9ED1-7DC627B6BB43}"
EndProject
Project("{9A19103F-16F7-4668-BE54-9A1E7A4F7556}") = "Platform.Core", "..\eirpoint.platform\platform.core\Platform.Core.csproj", "{CEDE6944-C3CF-4E41-BDF5-FAF7DBC1043E}"
EndProject
Project("{9A19103F-16F7-4668-BE54-9A1E7A4F7556}") = "Platform.Shared", "..\eirpoint.platform\platform.shared\Platform.Shared.csproj", "{6D8E8DF9-F8DC-4FAB-A4E4-B16BD086811D}"
EndProject
Project("{9A19103F-16F7-4668-BE54-9A1E7A4F7556}") = "Platform.Hardware", "..\eirpoint.platform\platform.hardware\Platform.Hardware.csproj", "{DBD0BEE3-1242-411C-A4D3-2AD1F408A8F2}"
EndProject
Project("{9A19103F-16F7-4668-BE54-9A1E7A4F7556}") = "Platform.Ui", "..\eirpoint.platform\platform.ui\Platform.Ui.csproj", "{08CDFCCC-7A99-4FFA-830C-076DA5733D34}"
EndProject
Project("{9A19103F-16F7-4668-BE54-9A1E7A4F7556}") = "Platform.Ioc", "..\eirpoint.platform\platform.ioc\Platform.Ioc.csproj", "{ED3032E0-0AAE-4309-86F8-60E75D24F8B9}"
EndProject
Project("{2150E333-8FDC-42A3-9474-1A3956D46DE8}") = "Hardware", "Hardware", "{17B965ED-D75B-42B3-9CBF-6B80509CFD14}"
EndProject
Project("{FAE04EC0-301F-11D3-BF4B-00C04F79EFBC}") = "Platform.Hardware.Zebra", "..\eirpoint.platform\Platform.Hardware.Zebra\Platform.Hardware.Zebra.csproj", "{4DE652F0-4F37-4B22-AB81-BE1D194BAF6E}"
EndProject
Project("{2150E333-8FDC-42A3-9474-1A3956D46DE8}") = "Mobile", "Mobile", "{29A07F70-B7B0-4F4F-AD4A-9A33BFD2D7CB}"
EndProject
Project("{FAE04EC0-301F-11D3-BF4B-00C04F79EFBC}") = "Eirpoint.Mobile.Datasource", "Eirpoint.Mobile.Datasource\Eirpoint.Mobile.Datasource.csproj", "{1AB29C53-A99E-432C-939A-AD8DC72BE3AB}"
EndProject
Project("{FAE04EC0-301F-11D3-BF4B-00C04F79EFBC}") = "Eirpoint.Mobile.Core", "Eirpoint.Mobile.Core\Eirpoint.Mobile.Core.csproj", "{9FFC59AC-FC95-4066-BB25-481B2EAEFAFC}"
EndProject
Global
	GlobalSection(SolutionConfigurationPlatforms) = preSolution
		Ad-Hoc|Any CPU = Ad-Hoc|Any CPU
		Ad-Hoc|ARM = Ad-Hoc|ARM
		Ad-Hoc|iPhone = Ad-Hoc|iPhone
		Ad-Hoc|iPhoneSimulator = Ad-Hoc|iPhoneSimulator
		Ad-Hoc|x64 = Ad-Hoc|x64
		Ad-Hoc|x86 = Ad-Hoc|x86
		AppStore|Any CPU = AppStore|Any CPU
		AppStore|ARM = AppStore|ARM
		AppStore|iPhone = AppStore|iPhone
		AppStore|iPhoneSimulator = AppStore|iPhoneSimulator
		AppStore|x64 = AppStore|x64
		AppStore|x86 = AppStore|x86
		Debug|Any CPU = Debug|Any CPU
		Debug|ARM = Debug|ARM
		Debug|iPhone = Debug|iPhone
		Debug|iPhoneSimulator = Debug|iPhoneSimulator
		Debug|x64 = Debug|x64
		Debug|x86 = Debug|x86
		Release|Any CPU = Release|Any CPU
		Release|ARM = Release|ARM
		Release|iPhone = Release|iPhone
		Release|iPhoneSimulator = Release|iPhoneSimulator
		Release|x64 = Release|x64
		Release|x86 = Release|x86
	EndGlobalSection
	GlobalSection(ProjectConfigurationPlatforms) = postSolution
		{031A66F6-22D3-4A87-8567-0718FE3F4AB9}.Ad-Hoc|Any CPU.ActiveCfg = Debug|Any CPU
		{031A66F6-22D3-4A87-8567-0718FE3F4AB9}.Ad-Hoc|Any CPU.Build.0 = Debug|Any CPU
		{031A66F6-22D3-4A87-8567-0718FE3F4AB9}.Ad-Hoc|ARM.ActiveCfg = Debug|Any CPU
		{031A66F6-22D3-4A87-8567-0718FE3F4AB9}.Ad-Hoc|ARM.Build.0 = Debug|Any CPU
		{031A66F6-22D3-4A87-8567-0718FE3F4AB9}.Ad-Hoc|iPhone.ActiveCfg = Debug|Any CPU
		{031A66F6-22D3-4A87-8567-0718FE3F4AB9}.Ad-Hoc|iPhone.Build.0 = Debug|Any CPU
		{031A66F6-22D3-4A87-8567-0718FE3F4AB9}.Ad-Hoc|iPhoneSimulator.ActiveCfg = Debug|Any CPU
		{031A66F6-22D3-4A87-8567-0718FE3F4AB9}.Ad-Hoc|iPhoneSimulator.Build.0 = Debug|Any CPU
		{031A66F6-22D3-4A87-8567-0718FE3F4AB9}.Ad-Hoc|x64.ActiveCfg = Debug|Any CPU
		{031A66F6-22D3-4A87-8567-0718FE3F4AB9}.Ad-Hoc|x64.Build.0 = Debug|Any CPU
		{031A66F6-22D3-4A87-8567-0718FE3F4AB9}.Ad-Hoc|x86.ActiveCfg = Debug|Any CPU
		{031A66F6-22D3-4A87-8567-0718FE3F4AB9}.Ad-Hoc|x86.Build.0 = Debug|Any CPU
		{031A66F6-22D3-4A87-8567-0718FE3F4AB9}.AppStore|Any CPU.ActiveCfg = Debug|Any CPU
		{031A66F6-22D3-4A87-8567-0718FE3F4AB9}.AppStore|Any CPU.Build.0 = Debug|Any CPU
		{031A66F6-22D3-4A87-8567-0718FE3F4AB9}.AppStore|ARM.ActiveCfg = Debug|Any CPU
		{031A66F6-22D3-4A87-8567-0718FE3F4AB9}.AppStore|ARM.Build.0 = Debug|Any CPU
		{031A66F6-22D3-4A87-8567-0718FE3F4AB9}.AppStore|iPhone.ActiveCfg = Debug|Any CPU
		{031A66F6-22D3-4A87-8567-0718FE3F4AB9}.AppStore|iPhone.Build.0 = Debug|Any CPU
		{031A66F6-22D3-4A87-8567-0718FE3F4AB9}.AppStore|iPhoneSimulator.ActiveCfg = Debug|Any CPU
		{031A66F6-22D3-4A87-8567-0718FE3F4AB9}.AppStore|iPhoneSimulator.Build.0 = Debug|Any CPU
		{031A66F6-22D3-4A87-8567-0718FE3F4AB9}.AppStore|x64.ActiveCfg = Debug|Any CPU
		{031A66F6-22D3-4A87-8567-0718FE3F4AB9}.AppStore|x64.Build.0 = Debug|Any CPU
		{031A66F6-22D3-4A87-8567-0718FE3F4AB9}.AppStore|x86.ActiveCfg = Debug|Any CPU
		{031A66F6-22D3-4A87-8567-0718FE3F4AB9}.AppStore|x86.Build.0 = Debug|Any CPU
		{031A66F6-22D3-4A87-8567-0718FE3F4AB9}.Debug|Any CPU.ActiveCfg = Debug|Any CPU
		{031A66F6-22D3-4A87-8567-0718FE3F4AB9}.Debug|Any CPU.Build.0 = Debug|Any CPU
		{031A66F6-22D3-4A87-8567-0718FE3F4AB9}.Debug|ARM.ActiveCfg = Debug|Any CPU
		{031A66F6-22D3-4A87-8567-0718FE3F4AB9}.Debug|ARM.Build.0 = Debug|Any CPU
		{031A66F6-22D3-4A87-8567-0718FE3F4AB9}.Debug|iPhone.ActiveCfg = Debug|Any CPU
		{031A66F6-22D3-4A87-8567-0718FE3F4AB9}.Debug|iPhone.Build.0 = Debug|Any CPU
		{031A66F6-22D3-4A87-8567-0718FE3F4AB9}.Debug|iPhoneSimulator.ActiveCfg = Debug|Any CPU
		{031A66F6-22D3-4A87-8567-0718FE3F4AB9}.Debug|iPhoneSimulator.Build.0 = Debug|Any CPU
		{031A66F6-22D3-4A87-8567-0718FE3F4AB9}.Debug|x64.ActiveCfg = Debug|Any CPU
		{031A66F6-22D3-4A87-8567-0718FE3F4AB9}.Debug|x64.Build.0 = Debug|Any CPU
		{031A66F6-22D3-4A87-8567-0718FE3F4AB9}.Debug|x86.ActiveCfg = Debug|Any CPU
		{031A66F6-22D3-4A87-8567-0718FE3F4AB9}.Debug|x86.Build.0 = Debug|Any CPU
		{031A66F6-22D3-4A87-8567-0718FE3F4AB9}.Release|Any CPU.ActiveCfg = Release|Any CPU
		{031A66F6-22D3-4A87-8567-0718FE3F4AB9}.Release|Any CPU.Build.0 = Release|Any CPU
		{031A66F6-22D3-4A87-8567-0718FE3F4AB9}.Release|ARM.ActiveCfg = Release|Any CPU
		{031A66F6-22D3-4A87-8567-0718FE3F4AB9}.Release|ARM.Build.0 = Release|Any CPU
		{031A66F6-22D3-4A87-8567-0718FE3F4AB9}.Release|iPhone.ActiveCfg = Release|Any CPU
		{031A66F6-22D3-4A87-8567-0718FE3F4AB9}.Release|iPhone.Build.0 = Release|Any CPU
		{031A66F6-22D3-4A87-8567-0718FE3F4AB9}.Release|iPhoneSimulator.ActiveCfg = Release|Any CPU
		{031A66F6-22D3-4A87-8567-0718FE3F4AB9}.Release|iPhoneSimulator.Build.0 = Release|Any CPU
		{031A66F6-22D3-4A87-8567-0718FE3F4AB9}.Release|x64.ActiveCfg = Release|Any CPU
		{031A66F6-22D3-4A87-8567-0718FE3F4AB9}.Release|x64.Build.0 = Release|Any CPU
		{031A66F6-22D3-4A87-8567-0718FE3F4AB9}.Release|x86.ActiveCfg = Release|Any CPU
		{031A66F6-22D3-4A87-8567-0718FE3F4AB9}.Release|x86.Build.0 = Release|Any CPU
		{BE23DDFD-1FF2-4EAA-B146-982AF8341EA1}.Ad-Hoc|Any CPU.ActiveCfg = Release|Any CPU
		{BE23DDFD-1FF2-4EAA-B146-982AF8341EA1}.Ad-Hoc|Any CPU.Build.0 = Release|Any CPU
		{BE23DDFD-1FF2-4EAA-B146-982AF8341EA1}.Ad-Hoc|Any CPU.Deploy.0 = Release|Any CPU
		{BE23DDFD-1FF2-4EAA-B146-982AF8341EA1}.Ad-Hoc|ARM.ActiveCfg = Release|Any CPU
		{BE23DDFD-1FF2-4EAA-B146-982AF8341EA1}.Ad-Hoc|ARM.Build.0 = Release|Any CPU
		{BE23DDFD-1FF2-4EAA-B146-982AF8341EA1}.Ad-Hoc|ARM.Deploy.0 = Release|Any CPU
		{BE23DDFD-1FF2-4EAA-B146-982AF8341EA1}.Ad-Hoc|iPhone.ActiveCfg = Release|Any CPU
		{BE23DDFD-1FF2-4EAA-B146-982AF8341EA1}.Ad-Hoc|iPhone.Build.0 = Release|Any CPU
		{BE23DDFD-1FF2-4EAA-B146-982AF8341EA1}.Ad-Hoc|iPhone.Deploy.0 = Release|Any CPU
		{BE23DDFD-1FF2-4EAA-B146-982AF8341EA1}.Ad-Hoc|iPhoneSimulator.ActiveCfg = Release|Any CPU
		{BE23DDFD-1FF2-4EAA-B146-982AF8341EA1}.Ad-Hoc|iPhoneSimulator.Build.0 = Release|Any CPU
		{BE23DDFD-1FF2-4EAA-B146-982AF8341EA1}.Ad-Hoc|iPhoneSimulator.Deploy.0 = Release|Any CPU
		{BE23DDFD-1FF2-4EAA-B146-982AF8341EA1}.Ad-Hoc|x64.ActiveCfg = Release|Any CPU
		{BE23DDFD-1FF2-4EAA-B146-982AF8341EA1}.Ad-Hoc|x64.Build.0 = Release|Any CPU
		{BE23DDFD-1FF2-4EAA-B146-982AF8341EA1}.Ad-Hoc|x64.Deploy.0 = Release|Any CPU
		{BE23DDFD-1FF2-4EAA-B146-982AF8341EA1}.Ad-Hoc|x86.ActiveCfg = Release|Any CPU
		{BE23DDFD-1FF2-4EAA-B146-982AF8341EA1}.Ad-Hoc|x86.Build.0 = Release|Any CPU
		{BE23DDFD-1FF2-4EAA-B146-982AF8341EA1}.Ad-Hoc|x86.Deploy.0 = Release|Any CPU
		{BE23DDFD-1FF2-4EAA-B146-982AF8341EA1}.AppStore|Any CPU.ActiveCfg = Release|Any CPU
		{BE23DDFD-1FF2-4EAA-B146-982AF8341EA1}.AppStore|Any CPU.Build.0 = Release|Any CPU
		{BE23DDFD-1FF2-4EAA-B146-982AF8341EA1}.AppStore|Any CPU.Deploy.0 = Release|Any CPU
		{BE23DDFD-1FF2-4EAA-B146-982AF8341EA1}.AppStore|ARM.ActiveCfg = Release|Any CPU
		{BE23DDFD-1FF2-4EAA-B146-982AF8341EA1}.AppStore|ARM.Build.0 = Release|Any CPU
		{BE23DDFD-1FF2-4EAA-B146-982AF8341EA1}.AppStore|ARM.Deploy.0 = Release|Any CPU
		{BE23DDFD-1FF2-4EAA-B146-982AF8341EA1}.AppStore|iPhone.ActiveCfg = Release|Any CPU
		{BE23DDFD-1FF2-4EAA-B146-982AF8341EA1}.AppStore|iPhone.Build.0 = Release|Any CPU
		{BE23DDFD-1FF2-4EAA-B146-982AF8341EA1}.AppStore|iPhone.Deploy.0 = Release|Any CPU
		{BE23DDFD-1FF2-4EAA-B146-982AF8341EA1}.AppStore|iPhoneSimulator.ActiveCfg = Release|Any CPU
		{BE23DDFD-1FF2-4EAA-B146-982AF8341EA1}.AppStore|iPhoneSimulator.Build.0 = Release|Any CPU
		{BE23DDFD-1FF2-4EAA-B146-982AF8341EA1}.AppStore|iPhoneSimulator.Deploy.0 = Release|Any CPU
		{BE23DDFD-1FF2-4EAA-B146-982AF8341EA1}.AppStore|x64.ActiveCfg = Release|Any CPU
		{BE23DDFD-1FF2-4EAA-B146-982AF8341EA1}.AppStore|x64.Build.0 = Release|Any CPU
		{BE23DDFD-1FF2-4EAA-B146-982AF8341EA1}.AppStore|x64.Deploy.0 = Release|Any CPU
		{BE23DDFD-1FF2-4EAA-B146-982AF8341EA1}.AppStore|x86.ActiveCfg = Release|Any CPU
		{BE23DDFD-1FF2-4EAA-B146-982AF8341EA1}.AppStore|x86.Build.0 = Release|Any CPU
		{BE23DDFD-1FF2-4EAA-B146-982AF8341EA1}.AppStore|x86.Deploy.0 = Release|Any CPU
		{BE23DDFD-1FF2-4EAA-B146-982AF8341EA1}.Debug|Any CPU.ActiveCfg = Debug|Any CPU
		{BE23DDFD-1FF2-4EAA-B146-982AF8341EA1}.Debug|Any CPU.Build.0 = Debug|Any CPU
		{BE23DDFD-1FF2-4EAA-B146-982AF8341EA1}.Debug|Any CPU.Deploy.0 = Debug|Any CPU
		{BE23DDFD-1FF2-4EAA-B146-982AF8341EA1}.Debug|ARM.ActiveCfg = Debug|Any CPU
		{BE23DDFD-1FF2-4EAA-B146-982AF8341EA1}.Debug|ARM.Build.0 = Debug|Any CPU
		{BE23DDFD-1FF2-4EAA-B146-982AF8341EA1}.Debug|ARM.Deploy.0 = Debug|Any CPU
		{BE23DDFD-1FF2-4EAA-B146-982AF8341EA1}.Debug|iPhone.ActiveCfg = Debug|Any CPU
		{BE23DDFD-1FF2-4EAA-B146-982AF8341EA1}.Debug|iPhone.Build.0 = Debug|Any CPU
		{BE23DDFD-1FF2-4EAA-B146-982AF8341EA1}.Debug|iPhone.Deploy.0 = Debug|Any CPU
		{BE23DDFD-1FF2-4EAA-B146-982AF8341EA1}.Debug|iPhoneSimulator.ActiveCfg = Debug|Any CPU
		{BE23DDFD-1FF2-4EAA-B146-982AF8341EA1}.Debug|iPhoneSimulator.Build.0 = Debug|Any CPU
		{BE23DDFD-1FF2-4EAA-B146-982AF8341EA1}.Debug|iPhoneSimulator.Deploy.0 = Debug|Any CPU
		{BE23DDFD-1FF2-4EAA-B146-982AF8341EA1}.Debug|x64.ActiveCfg = Debug|Any CPU
		{BE23DDFD-1FF2-4EAA-B146-982AF8341EA1}.Debug|x64.Build.0 = Debug|Any CPU
		{BE23DDFD-1FF2-4EAA-B146-982AF8341EA1}.Debug|x64.Deploy.0 = Debug|Any CPU
		{BE23DDFD-1FF2-4EAA-B146-982AF8341EA1}.Debug|x86.ActiveCfg = Debug|Any CPU
		{BE23DDFD-1FF2-4EAA-B146-982AF8341EA1}.Debug|x86.Build.0 = Debug|Any CPU
		{BE23DDFD-1FF2-4EAA-B146-982AF8341EA1}.Debug|x86.Deploy.0 = Debug|Any CPU
		{BE23DDFD-1FF2-4EAA-B146-982AF8341EA1}.Release|Any CPU.ActiveCfg = Release|Any CPU
		{BE23DDFD-1FF2-4EAA-B146-982AF8341EA1}.Release|Any CPU.Build.0 = Release|Any CPU
		{BE23DDFD-1FF2-4EAA-B146-982AF8341EA1}.Release|Any CPU.Deploy.0 = Release|Any CPU
		{BE23DDFD-1FF2-4EAA-B146-982AF8341EA1}.Release|ARM.ActiveCfg = Release|Any CPU
		{BE23DDFD-1FF2-4EAA-B146-982AF8341EA1}.Release|ARM.Build.0 = Release|Any CPU
		{BE23DDFD-1FF2-4EAA-B146-982AF8341EA1}.Release|ARM.Deploy.0 = Release|Any CPU
		{BE23DDFD-1FF2-4EAA-B146-982AF8341EA1}.Release|iPhone.ActiveCfg = Release|Any CPU
		{BE23DDFD-1FF2-4EAA-B146-982AF8341EA1}.Release|iPhone.Build.0 = Release|Any CPU
		{BE23DDFD-1FF2-4EAA-B146-982AF8341EA1}.Release|iPhone.Deploy.0 = Release|Any CPU
		{BE23DDFD-1FF2-4EAA-B146-982AF8341EA1}.Release|iPhoneSimulator.ActiveCfg = Release|Any CPU
		{BE23DDFD-1FF2-4EAA-B146-982AF8341EA1}.Release|iPhoneSimulator.Build.0 = Release|Any CPU
		{BE23DDFD-1FF2-4EAA-B146-982AF8341EA1}.Release|iPhoneSimulator.Deploy.0 = Release|Any CPU
		{BE23DDFD-1FF2-4EAA-B146-982AF8341EA1}.Release|x64.ActiveCfg = Release|Any CPU
		{BE23DDFD-1FF2-4EAA-B146-982AF8341EA1}.Release|x64.Build.0 = Release|Any CPU
		{BE23DDFD-1FF2-4EAA-B146-982AF8341EA1}.Release|x64.Deploy.0 = Release|Any CPU
		{BE23DDFD-1FF2-4EAA-B146-982AF8341EA1}.Release|x86.ActiveCfg = Release|Any CPU
		{BE23DDFD-1FF2-4EAA-B146-982AF8341EA1}.Release|x86.Build.0 = Release|Any CPU
		{BE23DDFD-1FF2-4EAA-B146-982AF8341EA1}.Release|x86.Deploy.0 = Release|Any CPU
		{77A808F1-2185-4713-B850-57FF90F9CE87}.Ad-Hoc|Any CPU.ActiveCfg = Ad-Hoc|iPhone
		{77A808F1-2185-4713-B850-57FF90F9CE87}.Ad-Hoc|ARM.ActiveCfg = Ad-Hoc|iPhone
		{77A808F1-2185-4713-B850-57FF90F9CE87}.Ad-Hoc|iPhone.ActiveCfg = Ad-Hoc|iPhone
		{77A808F1-2185-4713-B850-57FF90F9CE87}.Ad-Hoc|iPhone.Build.0 = Ad-Hoc|iPhone
		{77A808F1-2185-4713-B850-57FF90F9CE87}.Ad-Hoc|iPhoneSimulator.ActiveCfg = Ad-Hoc|iPhoneSimulator
		{77A808F1-2185-4713-B850-57FF90F9CE87}.Ad-Hoc|iPhoneSimulator.Build.0 = Ad-Hoc|iPhoneSimulator
		{77A808F1-2185-4713-B850-57FF90F9CE87}.Ad-Hoc|x64.ActiveCfg = Ad-Hoc|iPhone
		{77A808F1-2185-4713-B850-57FF90F9CE87}.Ad-Hoc|x86.ActiveCfg = Ad-Hoc|iPhone
		{77A808F1-2185-4713-B850-57FF90F9CE87}.AppStore|Any CPU.ActiveCfg = AppStore|iPhone
		{77A808F1-2185-4713-B850-57FF90F9CE87}.AppStore|ARM.ActiveCfg = AppStore|iPhone
		{77A808F1-2185-4713-B850-57FF90F9CE87}.AppStore|iPhone.ActiveCfg = AppStore|iPhone
		{77A808F1-2185-4713-B850-57FF90F9CE87}.AppStore|iPhone.Build.0 = AppStore|iPhone
		{77A808F1-2185-4713-B850-57FF90F9CE87}.AppStore|iPhoneSimulator.ActiveCfg = AppStore|iPhoneSimulator
		{77A808F1-2185-4713-B850-57FF90F9CE87}.AppStore|iPhoneSimulator.Build.0 = AppStore|iPhoneSimulator
		{77A808F1-2185-4713-B850-57FF90F9CE87}.AppStore|x64.ActiveCfg = AppStore|iPhone
		{77A808F1-2185-4713-B850-57FF90F9CE87}.AppStore|x86.ActiveCfg = AppStore|iPhone
		{77A808F1-2185-4713-B850-57FF90F9CE87}.Debug|Any CPU.ActiveCfg = Debug|iPhone
		{77A808F1-2185-4713-B850-57FF90F9CE87}.Debug|ARM.ActiveCfg = Debug|iPhone
		{77A808F1-2185-4713-B850-57FF90F9CE87}.Debug|iPhone.ActiveCfg = Debug|iPhone
		{77A808F1-2185-4713-B850-57FF90F9CE87}.Debug|iPhone.Build.0 = Debug|iPhone
		{77A808F1-2185-4713-B850-57FF90F9CE87}.Debug|iPhoneSimulator.ActiveCfg = Debug|iPhoneSimulator
		{77A808F1-2185-4713-B850-57FF90F9CE87}.Debug|iPhoneSimulator.Build.0 = Debug|iPhoneSimulator
		{77A808F1-2185-4713-B850-57FF90F9CE87}.Debug|x64.ActiveCfg = Debug|iPhone
		{77A808F1-2185-4713-B850-57FF90F9CE87}.Debug|x86.ActiveCfg = Debug|iPhone
		{77A808F1-2185-4713-B850-57FF90F9CE87}.Release|Any CPU.ActiveCfg = Release|iPhone
		{77A808F1-2185-4713-B850-57FF90F9CE87}.Release|ARM.ActiveCfg = Release|iPhone
		{77A808F1-2185-4713-B850-57FF90F9CE87}.Release|iPhone.ActiveCfg = Release|iPhone
		{77A808F1-2185-4713-B850-57FF90F9CE87}.Release|iPhone.Build.0 = Release|iPhone
		{77A808F1-2185-4713-B850-57FF90F9CE87}.Release|iPhoneSimulator.ActiveCfg = Release|iPhoneSimulator
		{77A808F1-2185-4713-B850-57FF90F9CE87}.Release|iPhoneSimulator.Build.0 = Release|iPhoneSimulator
		{77A808F1-2185-4713-B850-57FF90F9CE87}.Release|x64.ActiveCfg = Release|iPhone
		{77A808F1-2185-4713-B850-57FF90F9CE87}.Release|x86.ActiveCfg = Release|iPhone
		{28FCDCBE-84FB-4C96-A4C6-F55FCBE53296}.Ad-Hoc|Any CPU.ActiveCfg = Release|x86
		{28FCDCBE-84FB-4C96-A4C6-F55FCBE53296}.Ad-Hoc|Any CPU.Build.0 = Release|x86
		{28FCDCBE-84FB-4C96-A4C6-F55FCBE53296}.Ad-Hoc|Any CPU.Deploy.0 = Release|x86
		{28FCDCBE-84FB-4C96-A4C6-F55FCBE53296}.Ad-Hoc|ARM.ActiveCfg = Release|ARM
		{28FCDCBE-84FB-4C96-A4C6-F55FCBE53296}.Ad-Hoc|ARM.Build.0 = Release|ARM
		{28FCDCBE-84FB-4C96-A4C6-F55FCBE53296}.Ad-Hoc|ARM.Deploy.0 = Release|ARM
		{28FCDCBE-84FB-4C96-A4C6-F55FCBE53296}.Ad-Hoc|iPhone.ActiveCfg = Release|x86
		{28FCDCBE-84FB-4C96-A4C6-F55FCBE53296}.Ad-Hoc|iPhone.Build.0 = Release|x86
		{28FCDCBE-84FB-4C96-A4C6-F55FCBE53296}.Ad-Hoc|iPhone.Deploy.0 = Release|x86
		{28FCDCBE-84FB-4C96-A4C6-F55FCBE53296}.Ad-Hoc|iPhoneSimulator.ActiveCfg = Release|x86
		{28FCDCBE-84FB-4C96-A4C6-F55FCBE53296}.Ad-Hoc|iPhoneSimulator.Build.0 = Release|x86
		{28FCDCBE-84FB-4C96-A4C6-F55FCBE53296}.Ad-Hoc|iPhoneSimulator.Deploy.0 = Release|x86
		{28FCDCBE-84FB-4C96-A4C6-F55FCBE53296}.Ad-Hoc|x64.ActiveCfg = Release|x64
		{28FCDCBE-84FB-4C96-A4C6-F55FCBE53296}.Ad-Hoc|x64.Build.0 = Release|x64
		{28FCDCBE-84FB-4C96-A4C6-F55FCBE53296}.Ad-Hoc|x64.Deploy.0 = Release|x64
		{28FCDCBE-84FB-4C96-A4C6-F55FCBE53296}.Ad-Hoc|x86.ActiveCfg = Release|x86
		{28FCDCBE-84FB-4C96-A4C6-F55FCBE53296}.Ad-Hoc|x86.Build.0 = Release|x86
		{28FCDCBE-84FB-4C96-A4C6-F55FCBE53296}.Ad-Hoc|x86.Deploy.0 = Release|x86
		{28FCDCBE-84FB-4C96-A4C6-F55FCBE53296}.AppStore|Any CPU.ActiveCfg = Release|x86
		{28FCDCBE-84FB-4C96-A4C6-F55FCBE53296}.AppStore|Any CPU.Build.0 = Release|x86
		{28FCDCBE-84FB-4C96-A4C6-F55FCBE53296}.AppStore|Any CPU.Deploy.0 = Release|x86
		{28FCDCBE-84FB-4C96-A4C6-F55FCBE53296}.AppStore|ARM.ActiveCfg = Release|ARM
		{28FCDCBE-84FB-4C96-A4C6-F55FCBE53296}.AppStore|ARM.Build.0 = Release|ARM
		{28FCDCBE-84FB-4C96-A4C6-F55FCBE53296}.AppStore|ARM.Deploy.0 = Release|ARM
		{28FCDCBE-84FB-4C96-A4C6-F55FCBE53296}.AppStore|iPhone.ActiveCfg = Release|x86
		{28FCDCBE-84FB-4C96-A4C6-F55FCBE53296}.AppStore|iPhone.Build.0 = Release|x86
		{28FCDCBE-84FB-4C96-A4C6-F55FCBE53296}.AppStore|iPhone.Deploy.0 = Release|x86
		{28FCDCBE-84FB-4C96-A4C6-F55FCBE53296}.AppStore|iPhoneSimulator.ActiveCfg = Release|x86
		{28FCDCBE-84FB-4C96-A4C6-F55FCBE53296}.AppStore|iPhoneSimulator.Build.0 = Release|x86
		{28FCDCBE-84FB-4C96-A4C6-F55FCBE53296}.AppStore|iPhoneSimulator.Deploy.0 = Release|x86
		{28FCDCBE-84FB-4C96-A4C6-F55FCBE53296}.AppStore|x64.ActiveCfg = Release|x64
		{28FCDCBE-84FB-4C96-A4C6-F55FCBE53296}.AppStore|x64.Build.0 = Release|x64
		{28FCDCBE-84FB-4C96-A4C6-F55FCBE53296}.AppStore|x64.Deploy.0 = Release|x64
		{28FCDCBE-84FB-4C96-A4C6-F55FCBE53296}.AppStore|x86.ActiveCfg = Release|x86
		{28FCDCBE-84FB-4C96-A4C6-F55FCBE53296}.AppStore|x86.Build.0 = Release|x86
		{28FCDCBE-84FB-4C96-A4C6-F55FCBE53296}.AppStore|x86.Deploy.0 = Release|x86
		{28FCDCBE-84FB-4C96-A4C6-F55FCBE53296}.Debug|Any CPU.ActiveCfg = Debug|x86
		{28FCDCBE-84FB-4C96-A4C6-F55FCBE53296}.Debug|ARM.ActiveCfg = Debug|ARM
		{28FCDCBE-84FB-4C96-A4C6-F55FCBE53296}.Debug|ARM.Build.0 = Debug|ARM
		{28FCDCBE-84FB-4C96-A4C6-F55FCBE53296}.Debug|ARM.Deploy.0 = Debug|ARM
		{28FCDCBE-84FB-4C96-A4C6-F55FCBE53296}.Debug|iPhone.ActiveCfg = Debug|x86
		{28FCDCBE-84FB-4C96-A4C6-F55FCBE53296}.Debug|iPhoneSimulator.ActiveCfg = Debug|x86
		{28FCDCBE-84FB-4C96-A4C6-F55FCBE53296}.Debug|x64.ActiveCfg = Debug|x64
		{28FCDCBE-84FB-4C96-A4C6-F55FCBE53296}.Debug|x64.Build.0 = Debug|x64
		{28FCDCBE-84FB-4C96-A4C6-F55FCBE53296}.Debug|x64.Deploy.0 = Debug|x64
		{28FCDCBE-84FB-4C96-A4C6-F55FCBE53296}.Debug|x86.ActiveCfg = Debug|x86
		{28FCDCBE-84FB-4C96-A4C6-F55FCBE53296}.Debug|x86.Build.0 = Debug|x86
		{28FCDCBE-84FB-4C96-A4C6-F55FCBE53296}.Debug|x86.Deploy.0 = Debug|x86
		{28FCDCBE-84FB-4C96-A4C6-F55FCBE53296}.Release|Any CPU.ActiveCfg = Release|x86
		{28FCDCBE-84FB-4C96-A4C6-F55FCBE53296}.Release|ARM.ActiveCfg = Release|ARM
		{28FCDCBE-84FB-4C96-A4C6-F55FCBE53296}.Release|ARM.Build.0 = Release|ARM
		{28FCDCBE-84FB-4C96-A4C6-F55FCBE53296}.Release|ARM.Deploy.0 = Release|ARM
		{28FCDCBE-84FB-4C96-A4C6-F55FCBE53296}.Release|iPhone.ActiveCfg = Release|x86
		{28FCDCBE-84FB-4C96-A4C6-F55FCBE53296}.Release|iPhoneSimulator.ActiveCfg = Release|x86
		{28FCDCBE-84FB-4C96-A4C6-F55FCBE53296}.Release|x64.ActiveCfg = Release|x64
		{28FCDCBE-84FB-4C96-A4C6-F55FCBE53296}.Release|x64.Build.0 = Release|x64
		{28FCDCBE-84FB-4C96-A4C6-F55FCBE53296}.Release|x64.Deploy.0 = Release|x64
		{28FCDCBE-84FB-4C96-A4C6-F55FCBE53296}.Release|x86.ActiveCfg = Release|x86
		{28FCDCBE-84FB-4C96-A4C6-F55FCBE53296}.Release|x86.Build.0 = Release|x86
		{28FCDCBE-84FB-4C96-A4C6-F55FCBE53296}.Release|x86.Deploy.0 = Release|x86
		{25A0987A-D691-4FD2-9ED1-7DC627B6BB43}.Ad-Hoc|Any CPU.ActiveCfg = Release|Any CPU
		{25A0987A-D691-4FD2-9ED1-7DC627B6BB43}.Ad-Hoc|Any CPU.Build.0 = Release|Any CPU
		{25A0987A-D691-4FD2-9ED1-7DC627B6BB43}.Ad-Hoc|ARM.ActiveCfg = Release|Any CPU
		{25A0987A-D691-4FD2-9ED1-7DC627B6BB43}.Ad-Hoc|ARM.Build.0 = Release|Any CPU
		{25A0987A-D691-4FD2-9ED1-7DC627B6BB43}.Ad-Hoc|iPhone.ActiveCfg = Release|Any CPU
		{25A0987A-D691-4FD2-9ED1-7DC627B6BB43}.Ad-Hoc|iPhone.Build.0 = Release|Any CPU
		{25A0987A-D691-4FD2-9ED1-7DC627B6BB43}.Ad-Hoc|iPhoneSimulator.ActiveCfg = Release|Any CPU
		{25A0987A-D691-4FD2-9ED1-7DC627B6BB43}.Ad-Hoc|iPhoneSimulator.Build.0 = Release|Any CPU
		{25A0987A-D691-4FD2-9ED1-7DC627B6BB43}.Ad-Hoc|x64.ActiveCfg = Release|Any CPU
		{25A0987A-D691-4FD2-9ED1-7DC627B6BB43}.Ad-Hoc|x64.Build.0 = Release|Any CPU
		{25A0987A-D691-4FD2-9ED1-7DC627B6BB43}.Ad-Hoc|x86.ActiveCfg = Release|Any CPU
		{25A0987A-D691-4FD2-9ED1-7DC627B6BB43}.Ad-Hoc|x86.Build.0 = Release|Any CPU
		{25A0987A-D691-4FD2-9ED1-7DC627B6BB43}.AppStore|Any CPU.ActiveCfg = Release|Any CPU
		{25A0987A-D691-4FD2-9ED1-7DC627B6BB43}.AppStore|Any CPU.Build.0 = Release|Any CPU
		{25A0987A-D691-4FD2-9ED1-7DC627B6BB43}.AppStore|ARM.ActiveCfg = Release|Any CPU
		{25A0987A-D691-4FD2-9ED1-7DC627B6BB43}.AppStore|ARM.Build.0 = Release|Any CPU
		{25A0987A-D691-4FD2-9ED1-7DC627B6BB43}.AppStore|iPhone.ActiveCfg = Release|Any CPU
		{25A0987A-D691-4FD2-9ED1-7DC627B6BB43}.AppStore|iPhone.Build.0 = Release|Any CPU
		{25A0987A-D691-4FD2-9ED1-7DC627B6BB43}.AppStore|iPhoneSimulator.ActiveCfg = Release|Any CPU
		{25A0987A-D691-4FD2-9ED1-7DC627B6BB43}.AppStore|iPhoneSimulator.Build.0 = Release|Any CPU
		{25A0987A-D691-4FD2-9ED1-7DC627B6BB43}.AppStore|x64.ActiveCfg = Release|Any CPU
		{25A0987A-D691-4FD2-9ED1-7DC627B6BB43}.AppStore|x64.Build.0 = Release|Any CPU
		{25A0987A-D691-4FD2-9ED1-7DC627B6BB43}.AppStore|x86.ActiveCfg = Release|Any CPU
		{25A0987A-D691-4FD2-9ED1-7DC627B6BB43}.AppStore|x86.Build.0 = Release|Any CPU
		{25A0987A-D691-4FD2-9ED1-7DC627B6BB43}.Debug|Any CPU.ActiveCfg = Debug|Any CPU
		{25A0987A-D691-4FD2-9ED1-7DC627B6BB43}.Debug|Any CPU.Build.0 = Debug|Any CPU
		{25A0987A-D691-4FD2-9ED1-7DC627B6BB43}.Debug|ARM.ActiveCfg = Debug|Any CPU
		{25A0987A-D691-4FD2-9ED1-7DC627B6BB43}.Debug|ARM.Build.0 = Debug|Any CPU
		{25A0987A-D691-4FD2-9ED1-7DC627B6BB43}.Debug|iPhone.ActiveCfg = Debug|Any CPU
		{25A0987A-D691-4FD2-9ED1-7DC627B6BB43}.Debug|iPhone.Build.0 = Debug|Any CPU
		{25A0987A-D691-4FD2-9ED1-7DC627B6BB43}.Debug|iPhoneSimulator.ActiveCfg = Debug|Any CPU
		{25A0987A-D691-4FD2-9ED1-7DC627B6BB43}.Debug|iPhoneSimulator.Build.0 = Debug|Any CPU
		{25A0987A-D691-4FD2-9ED1-7DC627B6BB43}.Debug|x64.ActiveCfg = Debug|Any CPU
		{25A0987A-D691-4FD2-9ED1-7DC627B6BB43}.Debug|x64.Build.0 = Debug|Any CPU
		{25A0987A-D691-4FD2-9ED1-7DC627B6BB43}.Debug|x86.ActiveCfg = Debug|Any CPU
		{25A0987A-D691-4FD2-9ED1-7DC627B6BB43}.Debug|x86.Build.0 = Debug|Any CPU
		{25A0987A-D691-4FD2-9ED1-7DC627B6BB43}.Release|Any CPU.ActiveCfg = Release|Any CPU
		{25A0987A-D691-4FD2-9ED1-7DC627B6BB43}.Release|Any CPU.Build.0 = Release|Any CPU
		{25A0987A-D691-4FD2-9ED1-7DC627B6BB43}.Release|ARM.ActiveCfg = Release|Any CPU
		{25A0987A-D691-4FD2-9ED1-7DC627B6BB43}.Release|ARM.Build.0 = Release|Any CPU
		{25A0987A-D691-4FD2-9ED1-7DC627B6BB43}.Release|iPhone.ActiveCfg = Release|Any CPU
		{25A0987A-D691-4FD2-9ED1-7DC627B6BB43}.Release|iPhone.Build.0 = Release|Any CPU
		{25A0987A-D691-4FD2-9ED1-7DC627B6BB43}.Release|iPhoneSimulator.ActiveCfg = Release|Any CPU
		{25A0987A-D691-4FD2-9ED1-7DC627B6BB43}.Release|iPhoneSimulator.Build.0 = Release|Any CPU
		{25A0987A-D691-4FD2-9ED1-7DC627B6BB43}.Release|x64.ActiveCfg = Release|Any CPU
		{25A0987A-D691-4FD2-9ED1-7DC627B6BB43}.Release|x64.Build.0 = Release|Any CPU
		{25A0987A-D691-4FD2-9ED1-7DC627B6BB43}.Release|x86.ActiveCfg = Release|Any CPU
		{25A0987A-D691-4FD2-9ED1-7DC627B6BB43}.Release|x86.Build.0 = Release|Any CPU
		{CEDE6944-C3CF-4E41-BDF5-FAF7DBC1043E}.Ad-Hoc|Any CPU.ActiveCfg = Release|Any CPU
		{CEDE6944-C3CF-4E41-BDF5-FAF7DBC1043E}.Ad-Hoc|Any CPU.Build.0 = Release|Any CPU
		{CEDE6944-C3CF-4E41-BDF5-FAF7DBC1043E}.Ad-Hoc|ARM.ActiveCfg = Release|Any CPU
		{CEDE6944-C3CF-4E41-BDF5-FAF7DBC1043E}.Ad-Hoc|ARM.Build.0 = Release|Any CPU
		{CEDE6944-C3CF-4E41-BDF5-FAF7DBC1043E}.Ad-Hoc|iPhone.ActiveCfg = Release|Any CPU
		{CEDE6944-C3CF-4E41-BDF5-FAF7DBC1043E}.Ad-Hoc|iPhone.Build.0 = Release|Any CPU
		{CEDE6944-C3CF-4E41-BDF5-FAF7DBC1043E}.Ad-Hoc|iPhoneSimulator.ActiveCfg = Release|Any CPU
		{CEDE6944-C3CF-4E41-BDF5-FAF7DBC1043E}.Ad-Hoc|iPhoneSimulator.Build.0 = Release|Any CPU
		{CEDE6944-C3CF-4E41-BDF5-FAF7DBC1043E}.Ad-Hoc|x64.ActiveCfg = Release|Any CPU
		{CEDE6944-C3CF-4E41-BDF5-FAF7DBC1043E}.Ad-Hoc|x64.Build.0 = Release|Any CPU
		{CEDE6944-C3CF-4E41-BDF5-FAF7DBC1043E}.Ad-Hoc|x86.ActiveCfg = Release|Any CPU
		{CEDE6944-C3CF-4E41-BDF5-FAF7DBC1043E}.Ad-Hoc|x86.Build.0 = Release|Any CPU
		{CEDE6944-C3CF-4E41-BDF5-FAF7DBC1043E}.AppStore|Any CPU.ActiveCfg = Release|Any CPU
		{CEDE6944-C3CF-4E41-BDF5-FAF7DBC1043E}.AppStore|Any CPU.Build.0 = Release|Any CPU
		{CEDE6944-C3CF-4E41-BDF5-FAF7DBC1043E}.AppStore|ARM.ActiveCfg = Release|Any CPU
		{CEDE6944-C3CF-4E41-BDF5-FAF7DBC1043E}.AppStore|ARM.Build.0 = Release|Any CPU
		{CEDE6944-C3CF-4E41-BDF5-FAF7DBC1043E}.AppStore|iPhone.ActiveCfg = Release|Any CPU
		{CEDE6944-C3CF-4E41-BDF5-FAF7DBC1043E}.AppStore|iPhone.Build.0 = Release|Any CPU
		{CEDE6944-C3CF-4E41-BDF5-FAF7DBC1043E}.AppStore|iPhoneSimulator.ActiveCfg = Release|Any CPU
		{CEDE6944-C3CF-4E41-BDF5-FAF7DBC1043E}.AppStore|iPhoneSimulator.Build.0 = Release|Any CPU
		{CEDE6944-C3CF-4E41-BDF5-FAF7DBC1043E}.AppStore|x64.ActiveCfg = Release|Any CPU
		{CEDE6944-C3CF-4E41-BDF5-FAF7DBC1043E}.AppStore|x64.Build.0 = Release|Any CPU
		{CEDE6944-C3CF-4E41-BDF5-FAF7DBC1043E}.AppStore|x86.ActiveCfg = Release|Any CPU
		{CEDE6944-C3CF-4E41-BDF5-FAF7DBC1043E}.AppStore|x86.Build.0 = Release|Any CPU
		{CEDE6944-C3CF-4E41-BDF5-FAF7DBC1043E}.Debug|Any CPU.ActiveCfg = Debug|Any CPU
		{CEDE6944-C3CF-4E41-BDF5-FAF7DBC1043E}.Debug|Any CPU.Build.0 = Debug|Any CPU
		{CEDE6944-C3CF-4E41-BDF5-FAF7DBC1043E}.Debug|ARM.ActiveCfg = Debug|Any CPU
		{CEDE6944-C3CF-4E41-BDF5-FAF7DBC1043E}.Debug|ARM.Build.0 = Debug|Any CPU
		{CEDE6944-C3CF-4E41-BDF5-FAF7DBC1043E}.Debug|iPhone.ActiveCfg = Debug|Any CPU
		{CEDE6944-C3CF-4E41-BDF5-FAF7DBC1043E}.Debug|iPhone.Build.0 = Debug|Any CPU
		{CEDE6944-C3CF-4E41-BDF5-FAF7DBC1043E}.Debug|iPhoneSimulator.ActiveCfg = Debug|Any CPU
		{CEDE6944-C3CF-4E41-BDF5-FAF7DBC1043E}.Debug|iPhoneSimulator.Build.0 = Debug|Any CPU
		{CEDE6944-C3CF-4E41-BDF5-FAF7DBC1043E}.Debug|x64.ActiveCfg = Debug|Any CPU
		{CEDE6944-C3CF-4E41-BDF5-FAF7DBC1043E}.Debug|x64.Build.0 = Debug|Any CPU
		{CEDE6944-C3CF-4E41-BDF5-FAF7DBC1043E}.Debug|x86.ActiveCfg = Debug|Any CPU
		{CEDE6944-C3CF-4E41-BDF5-FAF7DBC1043E}.Debug|x86.Build.0 = Debug|Any CPU
		{CEDE6944-C3CF-4E41-BDF5-FAF7DBC1043E}.Release|Any CPU.ActiveCfg = Release|Any CPU
		{CEDE6944-C3CF-4E41-BDF5-FAF7DBC1043E}.Release|Any CPU.Build.0 = Release|Any CPU
		{CEDE6944-C3CF-4E41-BDF5-FAF7DBC1043E}.Release|ARM.ActiveCfg = Release|Any CPU
		{CEDE6944-C3CF-4E41-BDF5-FAF7DBC1043E}.Release|ARM.Build.0 = Release|Any CPU
		{CEDE6944-C3CF-4E41-BDF5-FAF7DBC1043E}.Release|iPhone.ActiveCfg = Release|Any CPU
		{CEDE6944-C3CF-4E41-BDF5-FAF7DBC1043E}.Release|iPhone.Build.0 = Release|Any CPU
		{CEDE6944-C3CF-4E41-BDF5-FAF7DBC1043E}.Release|iPhoneSimulator.ActiveCfg = Release|Any CPU
		{CEDE6944-C3CF-4E41-BDF5-FAF7DBC1043E}.Release|iPhoneSimulator.Build.0 = Release|Any CPU
		{CEDE6944-C3CF-4E41-BDF5-FAF7DBC1043E}.Release|x64.ActiveCfg = Release|Any CPU
		{CEDE6944-C3CF-4E41-BDF5-FAF7DBC1043E}.Release|x64.Build.0 = Release|Any CPU
		{CEDE6944-C3CF-4E41-BDF5-FAF7DBC1043E}.Release|x86.ActiveCfg = Release|Any CPU
		{CEDE6944-C3CF-4E41-BDF5-FAF7DBC1043E}.Release|x86.Build.0 = Release|Any CPU
		{6D8E8DF9-F8DC-4FAB-A4E4-B16BD086811D}.Ad-Hoc|Any CPU.ActiveCfg = Release|Any CPU
		{6D8E8DF9-F8DC-4FAB-A4E4-B16BD086811D}.Ad-Hoc|Any CPU.Build.0 = Release|Any CPU
		{6D8E8DF9-F8DC-4FAB-A4E4-B16BD086811D}.Ad-Hoc|ARM.ActiveCfg = Release|Any CPU
		{6D8E8DF9-F8DC-4FAB-A4E4-B16BD086811D}.Ad-Hoc|ARM.Build.0 = Release|Any CPU
		{6D8E8DF9-F8DC-4FAB-A4E4-B16BD086811D}.Ad-Hoc|iPhone.ActiveCfg = Release|Any CPU
		{6D8E8DF9-F8DC-4FAB-A4E4-B16BD086811D}.Ad-Hoc|iPhone.Build.0 = Release|Any CPU
		{6D8E8DF9-F8DC-4FAB-A4E4-B16BD086811D}.Ad-Hoc|iPhoneSimulator.ActiveCfg = Release|Any CPU
		{6D8E8DF9-F8DC-4FAB-A4E4-B16BD086811D}.Ad-Hoc|iPhoneSimulator.Build.0 = Release|Any CPU
		{6D8E8DF9-F8DC-4FAB-A4E4-B16BD086811D}.Ad-Hoc|x64.ActiveCfg = Release|Any CPU
		{6D8E8DF9-F8DC-4FAB-A4E4-B16BD086811D}.Ad-Hoc|x64.Build.0 = Release|Any CPU
		{6D8E8DF9-F8DC-4FAB-A4E4-B16BD086811D}.Ad-Hoc|x86.ActiveCfg = Release|Any CPU
		{6D8E8DF9-F8DC-4FAB-A4E4-B16BD086811D}.Ad-Hoc|x86.Build.0 = Release|Any CPU
		{6D8E8DF9-F8DC-4FAB-A4E4-B16BD086811D}.AppStore|Any CPU.ActiveCfg = Release|Any CPU
		{6D8E8DF9-F8DC-4FAB-A4E4-B16BD086811D}.AppStore|Any CPU.Build.0 = Release|Any CPU
		{6D8E8DF9-F8DC-4FAB-A4E4-B16BD086811D}.AppStore|ARM.ActiveCfg = Release|Any CPU
		{6D8E8DF9-F8DC-4FAB-A4E4-B16BD086811D}.AppStore|ARM.Build.0 = Release|Any CPU
		{6D8E8DF9-F8DC-4FAB-A4E4-B16BD086811D}.AppStore|iPhone.ActiveCfg = Release|Any CPU
		{6D8E8DF9-F8DC-4FAB-A4E4-B16BD086811D}.AppStore|iPhone.Build.0 = Release|Any CPU
		{6D8E8DF9-F8DC-4FAB-A4E4-B16BD086811D}.AppStore|iPhoneSimulator.ActiveCfg = Release|Any CPU
		{6D8E8DF9-F8DC-4FAB-A4E4-B16BD086811D}.AppStore|iPhoneSimulator.Build.0 = Release|Any CPU
		{6D8E8DF9-F8DC-4FAB-A4E4-B16BD086811D}.AppStore|x64.ActiveCfg = Release|Any CPU
		{6D8E8DF9-F8DC-4FAB-A4E4-B16BD086811D}.AppStore|x64.Build.0 = Release|Any CPU
		{6D8E8DF9-F8DC-4FAB-A4E4-B16BD086811D}.AppStore|x86.ActiveCfg = Release|Any CPU
		{6D8E8DF9-F8DC-4FAB-A4E4-B16BD086811D}.AppStore|x86.Build.0 = Release|Any CPU
		{6D8E8DF9-F8DC-4FAB-A4E4-B16BD086811D}.Debug|Any CPU.ActiveCfg = Debug|Any CPU
		{6D8E8DF9-F8DC-4FAB-A4E4-B16BD086811D}.Debug|Any CPU.Build.0 = Debug|Any CPU
		{6D8E8DF9-F8DC-4FAB-A4E4-B16BD086811D}.Debug|ARM.ActiveCfg = Debug|Any CPU
		{6D8E8DF9-F8DC-4FAB-A4E4-B16BD086811D}.Debug|ARM.Build.0 = Debug|Any CPU
		{6D8E8DF9-F8DC-4FAB-A4E4-B16BD086811D}.Debug|iPhone.ActiveCfg = Debug|Any CPU
		{6D8E8DF9-F8DC-4FAB-A4E4-B16BD086811D}.Debug|iPhone.Build.0 = Debug|Any CPU
		{6D8E8DF9-F8DC-4FAB-A4E4-B16BD086811D}.Debug|iPhoneSimulator.ActiveCfg = Debug|Any CPU
		{6D8E8DF9-F8DC-4FAB-A4E4-B16BD086811D}.Debug|iPhoneSimulator.Build.0 = Debug|Any CPU
		{6D8E8DF9-F8DC-4FAB-A4E4-B16BD086811D}.Debug|x64.ActiveCfg = Debug|Any CPU
		{6D8E8DF9-F8DC-4FAB-A4E4-B16BD086811D}.Debug|x64.Build.0 = Debug|Any CPU
		{6D8E8DF9-F8DC-4FAB-A4E4-B16BD086811D}.Debug|x86.ActiveCfg = Debug|Any CPU
		{6D8E8DF9-F8DC-4FAB-A4E4-B16BD086811D}.Debug|x86.Build.0 = Debug|Any CPU
		{6D8E8DF9-F8DC-4FAB-A4E4-B16BD086811D}.Release|Any CPU.ActiveCfg = Release|Any CPU
		{6D8E8DF9-F8DC-4FAB-A4E4-B16BD086811D}.Release|Any CPU.Build.0 = Release|Any CPU
		{6D8E8DF9-F8DC-4FAB-A4E4-B16BD086811D}.Release|ARM.ActiveCfg = Release|Any CPU
		{6D8E8DF9-F8DC-4FAB-A4E4-B16BD086811D}.Release|ARM.Build.0 = Release|Any CPU
		{6D8E8DF9-F8DC-4FAB-A4E4-B16BD086811D}.Release|iPhone.ActiveCfg = Release|Any CPU
		{6D8E8DF9-F8DC-4FAB-A4E4-B16BD086811D}.Release|iPhone.Build.0 = Release|Any CPU
		{6D8E8DF9-F8DC-4FAB-A4E4-B16BD086811D}.Release|iPhoneSimulator.ActiveCfg = Release|Any CPU
		{6D8E8DF9-F8DC-4FAB-A4E4-B16BD086811D}.Release|iPhoneSimulator.Build.0 = Release|Any CPU
		{6D8E8DF9-F8DC-4FAB-A4E4-B16BD086811D}.Release|x64.ActiveCfg = Release|Any CPU
		{6D8E8DF9-F8DC-4FAB-A4E4-B16BD086811D}.Release|x64.Build.0 = Release|Any CPU
		{6D8E8DF9-F8DC-4FAB-A4E4-B16BD086811D}.Release|x86.ActiveCfg = Release|Any CPU
		{6D8E8DF9-F8DC-4FAB-A4E4-B16BD086811D}.Release|x86.Build.0 = Release|Any CPU
		{DBD0BEE3-1242-411C-A4D3-2AD1F408A8F2}.Ad-Hoc|Any CPU.ActiveCfg = Release|Any CPU
		{DBD0BEE3-1242-411C-A4D3-2AD1F408A8F2}.Ad-Hoc|Any CPU.Build.0 = Release|Any CPU
		{DBD0BEE3-1242-411C-A4D3-2AD1F408A8F2}.Ad-Hoc|ARM.ActiveCfg = Release|Any CPU
		{DBD0BEE3-1242-411C-A4D3-2AD1F408A8F2}.Ad-Hoc|ARM.Build.0 = Release|Any CPU
		{DBD0BEE3-1242-411C-A4D3-2AD1F408A8F2}.Ad-Hoc|iPhone.ActiveCfg = Release|Any CPU
		{DBD0BEE3-1242-411C-A4D3-2AD1F408A8F2}.Ad-Hoc|iPhone.Build.0 = Release|Any CPU
		{DBD0BEE3-1242-411C-A4D3-2AD1F408A8F2}.Ad-Hoc|iPhoneSimulator.ActiveCfg = Release|Any CPU
		{DBD0BEE3-1242-411C-A4D3-2AD1F408A8F2}.Ad-Hoc|iPhoneSimulator.Build.0 = Release|Any CPU
		{DBD0BEE3-1242-411C-A4D3-2AD1F408A8F2}.Ad-Hoc|x64.ActiveCfg = Release|Any CPU
		{DBD0BEE3-1242-411C-A4D3-2AD1F408A8F2}.Ad-Hoc|x64.Build.0 = Release|Any CPU
		{DBD0BEE3-1242-411C-A4D3-2AD1F408A8F2}.Ad-Hoc|x86.ActiveCfg = Release|Any CPU
		{DBD0BEE3-1242-411C-A4D3-2AD1F408A8F2}.Ad-Hoc|x86.Build.0 = Release|Any CPU
		{DBD0BEE3-1242-411C-A4D3-2AD1F408A8F2}.AppStore|Any CPU.ActiveCfg = Release|Any CPU
		{DBD0BEE3-1242-411C-A4D3-2AD1F408A8F2}.AppStore|Any CPU.Build.0 = Release|Any CPU
		{DBD0BEE3-1242-411C-A4D3-2AD1F408A8F2}.AppStore|ARM.ActiveCfg = Release|Any CPU
		{DBD0BEE3-1242-411C-A4D3-2AD1F408A8F2}.AppStore|ARM.Build.0 = Release|Any CPU
		{DBD0BEE3-1242-411C-A4D3-2AD1F408A8F2}.AppStore|iPhone.ActiveCfg = Release|Any CPU
		{DBD0BEE3-1242-411C-A4D3-2AD1F408A8F2}.AppStore|iPhone.Build.0 = Release|Any CPU
		{DBD0BEE3-1242-411C-A4D3-2AD1F408A8F2}.AppStore|iPhoneSimulator.ActiveCfg = Release|Any CPU
		{DBD0BEE3-1242-411C-A4D3-2AD1F408A8F2}.AppStore|iPhoneSimulator.Build.0 = Release|Any CPU
		{DBD0BEE3-1242-411C-A4D3-2AD1F408A8F2}.AppStore|x64.ActiveCfg = Release|Any CPU
		{DBD0BEE3-1242-411C-A4D3-2AD1F408A8F2}.AppStore|x64.Build.0 = Release|Any CPU
		{DBD0BEE3-1242-411C-A4D3-2AD1F408A8F2}.AppStore|x86.ActiveCfg = Release|Any CPU
		{DBD0BEE3-1242-411C-A4D3-2AD1F408A8F2}.AppStore|x86.Build.0 = Release|Any CPU
		{DBD0BEE3-1242-411C-A4D3-2AD1F408A8F2}.Debug|Any CPU.ActiveCfg = Debug|Any CPU
		{DBD0BEE3-1242-411C-A4D3-2AD1F408A8F2}.Debug|Any CPU.Build.0 = Debug|Any CPU
		{DBD0BEE3-1242-411C-A4D3-2AD1F408A8F2}.Debug|ARM.ActiveCfg = Debug|Any CPU
		{DBD0BEE3-1242-411C-A4D3-2AD1F408A8F2}.Debug|ARM.Build.0 = Debug|Any CPU
		{DBD0BEE3-1242-411C-A4D3-2AD1F408A8F2}.Debug|iPhone.ActiveCfg = Debug|Any CPU
		{DBD0BEE3-1242-411C-A4D3-2AD1F408A8F2}.Debug|iPhone.Build.0 = Debug|Any CPU
		{DBD0BEE3-1242-411C-A4D3-2AD1F408A8F2}.Debug|iPhoneSimulator.ActiveCfg = Debug|Any CPU
		{DBD0BEE3-1242-411C-A4D3-2AD1F408A8F2}.Debug|iPhoneSimulator.Build.0 = Debug|Any CPU
		{DBD0BEE3-1242-411C-A4D3-2AD1F408A8F2}.Debug|x64.ActiveCfg = Debug|Any CPU
		{DBD0BEE3-1242-411C-A4D3-2AD1F408A8F2}.Debug|x64.Build.0 = Debug|Any CPU
		{DBD0BEE3-1242-411C-A4D3-2AD1F408A8F2}.Debug|x86.ActiveCfg = Debug|Any CPU
		{DBD0BEE3-1242-411C-A4D3-2AD1F408A8F2}.Debug|x86.Build.0 = Debug|Any CPU
		{DBD0BEE3-1242-411C-A4D3-2AD1F408A8F2}.Release|Any CPU.ActiveCfg = Release|Any CPU
		{DBD0BEE3-1242-411C-A4D3-2AD1F408A8F2}.Release|Any CPU.Build.0 = Release|Any CPU
		{DBD0BEE3-1242-411C-A4D3-2AD1F408A8F2}.Release|ARM.ActiveCfg = Release|Any CPU
		{DBD0BEE3-1242-411C-A4D3-2AD1F408A8F2}.Release|ARM.Build.0 = Release|Any CPU
		{DBD0BEE3-1242-411C-A4D3-2AD1F408A8F2}.Release|iPhone.ActiveCfg = Release|Any CPU
		{DBD0BEE3-1242-411C-A4D3-2AD1F408A8F2}.Release|iPhone.Build.0 = Release|Any CPU
		{DBD0BEE3-1242-411C-A4D3-2AD1F408A8F2}.Release|iPhoneSimulator.ActiveCfg = Release|Any CPU
		{DBD0BEE3-1242-411C-A4D3-2AD1F408A8F2}.Release|iPhoneSimulator.Build.0 = Release|Any CPU
		{DBD0BEE3-1242-411C-A4D3-2AD1F408A8F2}.Release|x64.ActiveCfg = Release|Any CPU
		{DBD0BEE3-1242-411C-A4D3-2AD1F408A8F2}.Release|x64.Build.0 = Release|Any CPU
		{DBD0BEE3-1242-411C-A4D3-2AD1F408A8F2}.Release|x86.ActiveCfg = Release|Any CPU
		{DBD0BEE3-1242-411C-A4D3-2AD1F408A8F2}.Release|x86.Build.0 = Release|Any CPU
		{08CDFCCC-7A99-4FFA-830C-076DA5733D34}.Ad-Hoc|Any CPU.ActiveCfg = Release|Any CPU
		{08CDFCCC-7A99-4FFA-830C-076DA5733D34}.Ad-Hoc|Any CPU.Build.0 = Release|Any CPU
		{08CDFCCC-7A99-4FFA-830C-076DA5733D34}.Ad-Hoc|ARM.ActiveCfg = Release|Any CPU
		{08CDFCCC-7A99-4FFA-830C-076DA5733D34}.Ad-Hoc|ARM.Build.0 = Release|Any CPU
		{08CDFCCC-7A99-4FFA-830C-076DA5733D34}.Ad-Hoc|iPhone.ActiveCfg = Release|Any CPU
		{08CDFCCC-7A99-4FFA-830C-076DA5733D34}.Ad-Hoc|iPhone.Build.0 = Release|Any CPU
		{08CDFCCC-7A99-4FFA-830C-076DA5733D34}.Ad-Hoc|iPhoneSimulator.ActiveCfg = Release|Any CPU
		{08CDFCCC-7A99-4FFA-830C-076DA5733D34}.Ad-Hoc|iPhoneSimulator.Build.0 = Release|Any CPU
		{08CDFCCC-7A99-4FFA-830C-076DA5733D34}.Ad-Hoc|x64.ActiveCfg = Release|Any CPU
		{08CDFCCC-7A99-4FFA-830C-076DA5733D34}.Ad-Hoc|x64.Build.0 = Release|Any CPU
		{08CDFCCC-7A99-4FFA-830C-076DA5733D34}.Ad-Hoc|x86.ActiveCfg = Release|Any CPU
		{08CDFCCC-7A99-4FFA-830C-076DA5733D34}.Ad-Hoc|x86.Build.0 = Release|Any CPU
		{08CDFCCC-7A99-4FFA-830C-076DA5733D34}.AppStore|Any CPU.ActiveCfg = Release|Any CPU
		{08CDFCCC-7A99-4FFA-830C-076DA5733D34}.AppStore|Any CPU.Build.0 = Release|Any CPU
		{08CDFCCC-7A99-4FFA-830C-076DA5733D34}.AppStore|ARM.ActiveCfg = Release|Any CPU
		{08CDFCCC-7A99-4FFA-830C-076DA5733D34}.AppStore|ARM.Build.0 = Release|Any CPU
		{08CDFCCC-7A99-4FFA-830C-076DA5733D34}.AppStore|iPhone.ActiveCfg = Release|Any CPU
		{08CDFCCC-7A99-4FFA-830C-076DA5733D34}.AppStore|iPhone.Build.0 = Release|Any CPU
		{08CDFCCC-7A99-4FFA-830C-076DA5733D34}.AppStore|iPhoneSimulator.ActiveCfg = Release|Any CPU
		{08CDFCCC-7A99-4FFA-830C-076DA5733D34}.AppStore|iPhoneSimulator.Build.0 = Release|Any CPU
		{08CDFCCC-7A99-4FFA-830C-076DA5733D34}.AppStore|x64.ActiveCfg = Release|Any CPU
		{08CDFCCC-7A99-4FFA-830C-076DA5733D34}.AppStore|x64.Build.0 = Release|Any CPU
		{08CDFCCC-7A99-4FFA-830C-076DA5733D34}.AppStore|x86.ActiveCfg = Release|Any CPU
		{08CDFCCC-7A99-4FFA-830C-076DA5733D34}.AppStore|x86.Build.0 = Release|Any CPU
		{08CDFCCC-7A99-4FFA-830C-076DA5733D34}.Debug|Any CPU.ActiveCfg = Debug|Any CPU
		{08CDFCCC-7A99-4FFA-830C-076DA5733D34}.Debug|Any CPU.Build.0 = Debug|Any CPU
		{08CDFCCC-7A99-4FFA-830C-076DA5733D34}.Debug|ARM.ActiveCfg = Debug|Any CPU
		{08CDFCCC-7A99-4FFA-830C-076DA5733D34}.Debug|ARM.Build.0 = Debug|Any CPU
		{08CDFCCC-7A99-4FFA-830C-076DA5733D34}.Debug|iPhone.ActiveCfg = Debug|Any CPU
		{08CDFCCC-7A99-4FFA-830C-076DA5733D34}.Debug|iPhone.Build.0 = Debug|Any CPU
		{08CDFCCC-7A99-4FFA-830C-076DA5733D34}.Debug|iPhoneSimulator.ActiveCfg = Debug|Any CPU
		{08CDFCCC-7A99-4FFA-830C-076DA5733D34}.Debug|iPhoneSimulator.Build.0 = Debug|Any CPU
		{08CDFCCC-7A99-4FFA-830C-076DA5733D34}.Debug|x64.ActiveCfg = Debug|Any CPU
		{08CDFCCC-7A99-4FFA-830C-076DA5733D34}.Debug|x64.Build.0 = Debug|Any CPU
		{08CDFCCC-7A99-4FFA-830C-076DA5733D34}.Debug|x86.ActiveCfg = Debug|Any CPU
		{08CDFCCC-7A99-4FFA-830C-076DA5733D34}.Debug|x86.Build.0 = Debug|Any CPU
		{08CDFCCC-7A99-4FFA-830C-076DA5733D34}.Release|Any CPU.ActiveCfg = Release|Any CPU
		{08CDFCCC-7A99-4FFA-830C-076DA5733D34}.Release|Any CPU.Build.0 = Release|Any CPU
		{08CDFCCC-7A99-4FFA-830C-076DA5733D34}.Release|ARM.ActiveCfg = Release|Any CPU
		{08CDFCCC-7A99-4FFA-830C-076DA5733D34}.Release|ARM.Build.0 = Release|Any CPU
		{08CDFCCC-7A99-4FFA-830C-076DA5733D34}.Release|iPhone.ActiveCfg = Release|Any CPU
		{08CDFCCC-7A99-4FFA-830C-076DA5733D34}.Release|iPhone.Build.0 = Release|Any CPU
		{08CDFCCC-7A99-4FFA-830C-076DA5733D34}.Release|iPhoneSimulator.ActiveCfg = Release|Any CPU
		{08CDFCCC-7A99-4FFA-830C-076DA5733D34}.Release|iPhoneSimulator.Build.0 = Release|Any CPU
		{08CDFCCC-7A99-4FFA-830C-076DA5733D34}.Release|x64.ActiveCfg = Release|Any CPU
		{08CDFCCC-7A99-4FFA-830C-076DA5733D34}.Release|x64.Build.0 = Release|Any CPU
		{08CDFCCC-7A99-4FFA-830C-076DA5733D34}.Release|x86.ActiveCfg = Release|Any CPU
		{08CDFCCC-7A99-4FFA-830C-076DA5733D34}.Release|x86.Build.0 = Release|Any CPU
		{ED3032E0-0AAE-4309-86F8-60E75D24F8B9}.Ad-Hoc|Any CPU.ActiveCfg = Release|Any CPU
		{ED3032E0-0AAE-4309-86F8-60E75D24F8B9}.Ad-Hoc|Any CPU.Build.0 = Release|Any CPU
		{ED3032E0-0AAE-4309-86F8-60E75D24F8B9}.Ad-Hoc|ARM.ActiveCfg = Release|Any CPU
		{ED3032E0-0AAE-4309-86F8-60E75D24F8B9}.Ad-Hoc|ARM.Build.0 = Release|Any CPU
		{ED3032E0-0AAE-4309-86F8-60E75D24F8B9}.Ad-Hoc|iPhone.ActiveCfg = Release|Any CPU
		{ED3032E0-0AAE-4309-86F8-60E75D24F8B9}.Ad-Hoc|iPhone.Build.0 = Release|Any CPU
		{ED3032E0-0AAE-4309-86F8-60E75D24F8B9}.Ad-Hoc|iPhoneSimulator.ActiveCfg = Release|Any CPU
		{ED3032E0-0AAE-4309-86F8-60E75D24F8B9}.Ad-Hoc|iPhoneSimulator.Build.0 = Release|Any CPU
		{ED3032E0-0AAE-4309-86F8-60E75D24F8B9}.Ad-Hoc|x64.ActiveCfg = Release|Any CPU
		{ED3032E0-0AAE-4309-86F8-60E75D24F8B9}.Ad-Hoc|x64.Build.0 = Release|Any CPU
		{ED3032E0-0AAE-4309-86F8-60E75D24F8B9}.Ad-Hoc|x86.ActiveCfg = Release|Any CPU
		{ED3032E0-0AAE-4309-86F8-60E75D24F8B9}.Ad-Hoc|x86.Build.0 = Release|Any CPU
		{ED3032E0-0AAE-4309-86F8-60E75D24F8B9}.AppStore|Any CPU.ActiveCfg = Release|Any CPU
		{ED3032E0-0AAE-4309-86F8-60E75D24F8B9}.AppStore|Any CPU.Build.0 = Release|Any CPU
		{ED3032E0-0AAE-4309-86F8-60E75D24F8B9}.AppStore|ARM.ActiveCfg = Release|Any CPU
		{ED3032E0-0AAE-4309-86F8-60E75D24F8B9}.AppStore|ARM.Build.0 = Release|Any CPU
		{ED3032E0-0AAE-4309-86F8-60E75D24F8B9}.AppStore|iPhone.ActiveCfg = Release|Any CPU
		{ED3032E0-0AAE-4309-86F8-60E75D24F8B9}.AppStore|iPhone.Build.0 = Release|Any CPU
		{ED3032E0-0AAE-4309-86F8-60E75D24F8B9}.AppStore|iPhoneSimulator.ActiveCfg = Release|Any CPU
		{ED3032E0-0AAE-4309-86F8-60E75D24F8B9}.AppStore|iPhoneSimulator.Build.0 = Release|Any CPU
		{ED3032E0-0AAE-4309-86F8-60E75D24F8B9}.AppStore|x64.ActiveCfg = Release|Any CPU
		{ED3032E0-0AAE-4309-86F8-60E75D24F8B9}.AppStore|x64.Build.0 = Release|Any CPU
		{ED3032E0-0AAE-4309-86F8-60E75D24F8B9}.AppStore|x86.ActiveCfg = Release|Any CPU
		{ED3032E0-0AAE-4309-86F8-60E75D24F8B9}.AppStore|x86.Build.0 = Release|Any CPU
		{ED3032E0-0AAE-4309-86F8-60E75D24F8B9}.Debug|Any CPU.ActiveCfg = Debug|Any CPU
		{ED3032E0-0AAE-4309-86F8-60E75D24F8B9}.Debug|Any CPU.Build.0 = Debug|Any CPU
		{ED3032E0-0AAE-4309-86F8-60E75D24F8B9}.Debug|ARM.ActiveCfg = Debug|Any CPU
		{ED3032E0-0AAE-4309-86F8-60E75D24F8B9}.Debug|ARM.Build.0 = Debug|Any CPU
		{ED3032E0-0AAE-4309-86F8-60E75D24F8B9}.Debug|iPhone.ActiveCfg = Debug|Any CPU
		{ED3032E0-0AAE-4309-86F8-60E75D24F8B9}.Debug|iPhone.Build.0 = Debug|Any CPU
		{ED3032E0-0AAE-4309-86F8-60E75D24F8B9}.Debug|iPhoneSimulator.ActiveCfg = Debug|Any CPU
		{ED3032E0-0AAE-4309-86F8-60E75D24F8B9}.Debug|iPhoneSimulator.Build.0 = Debug|Any CPU
		{ED3032E0-0AAE-4309-86F8-60E75D24F8B9}.Debug|x64.ActiveCfg = Debug|Any CPU
		{ED3032E0-0AAE-4309-86F8-60E75D24F8B9}.Debug|x64.Build.0 = Debug|Any CPU
		{ED3032E0-0AAE-4309-86F8-60E75D24F8B9}.Debug|x86.ActiveCfg = Debug|Any CPU
		{ED3032E0-0AAE-4309-86F8-60E75D24F8B9}.Debug|x86.Build.0 = Debug|Any CPU
		{ED3032E0-0AAE-4309-86F8-60E75D24F8B9}.Release|Any CPU.ActiveCfg = Release|Any CPU
		{ED3032E0-0AAE-4309-86F8-60E75D24F8B9}.Release|Any CPU.Build.0 = Release|Any CPU
		{ED3032E0-0AAE-4309-86F8-60E75D24F8B9}.Release|ARM.ActiveCfg = Release|Any CPU
		{ED3032E0-0AAE-4309-86F8-60E75D24F8B9}.Release|ARM.Build.0 = Release|Any CPU
		{ED3032E0-0AAE-4309-86F8-60E75D24F8B9}.Release|iPhone.ActiveCfg = Release|Any CPU
		{ED3032E0-0AAE-4309-86F8-60E75D24F8B9}.Release|iPhone.Build.0 = Release|Any CPU
		{ED3032E0-0AAE-4309-86F8-60E75D24F8B9}.Release|iPhoneSimulator.ActiveCfg = Release|Any CPU
		{ED3032E0-0AAE-4309-86F8-60E75D24F8B9}.Release|iPhoneSimulator.Build.0 = Release|Any CPU
		{ED3032E0-0AAE-4309-86F8-60E75D24F8B9}.Release|x64.ActiveCfg = Release|Any CPU
		{ED3032E0-0AAE-4309-86F8-60E75D24F8B9}.Release|x64.Build.0 = Release|Any CPU
		{ED3032E0-0AAE-4309-86F8-60E75D24F8B9}.Release|x86.ActiveCfg = Release|Any CPU
		{ED3032E0-0AAE-4309-86F8-60E75D24F8B9}.Release|x86.Build.0 = Release|Any CPU
		{4DE652F0-4F37-4B22-AB81-BE1D194BAF6E}.Ad-Hoc|Any CPU.ActiveCfg = Release|Any CPU
		{4DE652F0-4F37-4B22-AB81-BE1D194BAF6E}.Ad-Hoc|Any CPU.Build.0 = Release|Any CPU
		{4DE652F0-4F37-4B22-AB81-BE1D194BAF6E}.Ad-Hoc|ARM.ActiveCfg = Release|Any CPU
		{4DE652F0-4F37-4B22-AB81-BE1D194BAF6E}.Ad-Hoc|ARM.Build.0 = Release|Any CPU
		{4DE652F0-4F37-4B22-AB81-BE1D194BAF6E}.Ad-Hoc|iPhone.ActiveCfg = Release|Any CPU
		{4DE652F0-4F37-4B22-AB81-BE1D194BAF6E}.Ad-Hoc|iPhone.Build.0 = Release|Any CPU
		{4DE652F0-4F37-4B22-AB81-BE1D194BAF6E}.Ad-Hoc|iPhoneSimulator.ActiveCfg = Release|Any CPU
		{4DE652F0-4F37-4B22-AB81-BE1D194BAF6E}.Ad-Hoc|iPhoneSimulator.Build.0 = Release|Any CPU
		{4DE652F0-4F37-4B22-AB81-BE1D194BAF6E}.Ad-Hoc|x64.ActiveCfg = Release|Any CPU
		{4DE652F0-4F37-4B22-AB81-BE1D194BAF6E}.Ad-Hoc|x64.Build.0 = Release|Any CPU
		{4DE652F0-4F37-4B22-AB81-BE1D194BAF6E}.Ad-Hoc|x86.ActiveCfg = Release|Any CPU
		{4DE652F0-4F37-4B22-AB81-BE1D194BAF6E}.Ad-Hoc|x86.Build.0 = Release|Any CPU
		{4DE652F0-4F37-4B22-AB81-BE1D194BAF6E}.AppStore|Any CPU.ActiveCfg = Release|Any CPU
		{4DE652F0-4F37-4B22-AB81-BE1D194BAF6E}.AppStore|Any CPU.Build.0 = Release|Any CPU
		{4DE652F0-4F37-4B22-AB81-BE1D194BAF6E}.AppStore|ARM.ActiveCfg = Release|Any CPU
		{4DE652F0-4F37-4B22-AB81-BE1D194BAF6E}.AppStore|ARM.Build.0 = Release|Any CPU
		{4DE652F0-4F37-4B22-AB81-BE1D194BAF6E}.AppStore|iPhone.ActiveCfg = Release|Any CPU
		{4DE652F0-4F37-4B22-AB81-BE1D194BAF6E}.AppStore|iPhone.Build.0 = Release|Any CPU
		{4DE652F0-4F37-4B22-AB81-BE1D194BAF6E}.AppStore|iPhoneSimulator.ActiveCfg = Release|Any CPU
		{4DE652F0-4F37-4B22-AB81-BE1D194BAF6E}.AppStore|iPhoneSimulator.Build.0 = Release|Any CPU
		{4DE652F0-4F37-4B22-AB81-BE1D194BAF6E}.AppStore|x64.ActiveCfg = Release|Any CPU
		{4DE652F0-4F37-4B22-AB81-BE1D194BAF6E}.AppStore|x64.Build.0 = Release|Any CPU
		{4DE652F0-4F37-4B22-AB81-BE1D194BAF6E}.AppStore|x86.ActiveCfg = Release|Any CPU
		{4DE652F0-4F37-4B22-AB81-BE1D194BAF6E}.AppStore|x86.Build.0 = Release|Any CPU
		{4DE652F0-4F37-4B22-AB81-BE1D194BAF6E}.Debug|Any CPU.ActiveCfg = Debug|Any CPU
		{4DE652F0-4F37-4B22-AB81-BE1D194BAF6E}.Debug|Any CPU.Build.0 = Debug|Any CPU
		{4DE652F0-4F37-4B22-AB81-BE1D194BAF6E}.Debug|ARM.ActiveCfg = Debug|Any CPU
		{4DE652F0-4F37-4B22-AB81-BE1D194BAF6E}.Debug|ARM.Build.0 = Debug|Any CPU
		{4DE652F0-4F37-4B22-AB81-BE1D194BAF6E}.Debug|iPhone.ActiveCfg = Debug|Any CPU
		{4DE652F0-4F37-4B22-AB81-BE1D194BAF6E}.Debug|iPhone.Build.0 = Debug|Any CPU
		{4DE652F0-4F37-4B22-AB81-BE1D194BAF6E}.Debug|iPhoneSimulator.ActiveCfg = Debug|Any CPU
		{4DE652F0-4F37-4B22-AB81-BE1D194BAF6E}.Debug|iPhoneSimulator.Build.0 = Debug|Any CPU
		{4DE652F0-4F37-4B22-AB81-BE1D194BAF6E}.Debug|x64.ActiveCfg = Debug|Any CPU
		{4DE652F0-4F37-4B22-AB81-BE1D194BAF6E}.Debug|x64.Build.0 = Debug|Any CPU
		{4DE652F0-4F37-4B22-AB81-BE1D194BAF6E}.Debug|x86.ActiveCfg = Debug|Any CPU
		{4DE652F0-4F37-4B22-AB81-BE1D194BAF6E}.Debug|x86.Build.0 = Debug|Any CPU
		{4DE652F0-4F37-4B22-AB81-BE1D194BAF6E}.Release|Any CPU.ActiveCfg = Release|Any CPU
		{4DE652F0-4F37-4B22-AB81-BE1D194BAF6E}.Release|Any CPU.Build.0 = Release|Any CPU
		{4DE652F0-4F37-4B22-AB81-BE1D194BAF6E}.Release|ARM.ActiveCfg = Release|Any CPU
		{4DE652F0-4F37-4B22-AB81-BE1D194BAF6E}.Release|ARM.Build.0 = Release|Any CPU
		{4DE652F0-4F37-4B22-AB81-BE1D194BAF6E}.Release|iPhone.ActiveCfg = Release|Any CPU
		{4DE652F0-4F37-4B22-AB81-BE1D194BAF6E}.Release|iPhone.Build.0 = Release|Any CPU
		{4DE652F0-4F37-4B22-AB81-BE1D194BAF6E}.Release|iPhoneSimulator.ActiveCfg = Release|Any CPU
		{4DE652F0-4F37-4B22-AB81-BE1D194BAF6E}.Release|iPhoneSimulator.Build.0 = Release|Any CPU
		{4DE652F0-4F37-4B22-AB81-BE1D194BAF6E}.Release|x64.ActiveCfg = Release|Any CPU
		{4DE652F0-4F37-4B22-AB81-BE1D194BAF6E}.Release|x64.Build.0 = Release|Any CPU
		{4DE652F0-4F37-4B22-AB81-BE1D194BAF6E}.Release|x86.ActiveCfg = Release|Any CPU
		{4DE652F0-4F37-4B22-AB81-BE1D194BAF6E}.Release|x86.Build.0 = Release|Any CPU
		{1AB29C53-A99E-432C-939A-AD8DC72BE3AB}.Ad-Hoc|Any CPU.ActiveCfg = Debug|Any CPU
		{1AB29C53-A99E-432C-939A-AD8DC72BE3AB}.Ad-Hoc|Any CPU.Build.0 = Debug|Any CPU
		{1AB29C53-A99E-432C-939A-AD8DC72BE3AB}.Ad-Hoc|ARM.ActiveCfg = Debug|Any CPU
		{1AB29C53-A99E-432C-939A-AD8DC72BE3AB}.Ad-Hoc|ARM.Build.0 = Debug|Any CPU
		{1AB29C53-A99E-432C-939A-AD8DC72BE3AB}.Ad-Hoc|iPhone.ActiveCfg = Debug|Any CPU
		{1AB29C53-A99E-432C-939A-AD8DC72BE3AB}.Ad-Hoc|iPhone.Build.0 = Debug|Any CPU
		{1AB29C53-A99E-432C-939A-AD8DC72BE3AB}.Ad-Hoc|iPhoneSimulator.ActiveCfg = Debug|Any CPU
		{1AB29C53-A99E-432C-939A-AD8DC72BE3AB}.Ad-Hoc|iPhoneSimulator.Build.0 = Debug|Any CPU
		{1AB29C53-A99E-432C-939A-AD8DC72BE3AB}.Ad-Hoc|x64.ActiveCfg = Debug|Any CPU
		{1AB29C53-A99E-432C-939A-AD8DC72BE3AB}.Ad-Hoc|x64.Build.0 = Debug|Any CPU
		{1AB29C53-A99E-432C-939A-AD8DC72BE3AB}.Ad-Hoc|x86.ActiveCfg = Debug|Any CPU
		{1AB29C53-A99E-432C-939A-AD8DC72BE3AB}.Ad-Hoc|x86.Build.0 = Debug|Any CPU
		{1AB29C53-A99E-432C-939A-AD8DC72BE3AB}.AppStore|Any CPU.ActiveCfg = Debug|Any CPU
		{1AB29C53-A99E-432C-939A-AD8DC72BE3AB}.AppStore|Any CPU.Build.0 = Debug|Any CPU
		{1AB29C53-A99E-432C-939A-AD8DC72BE3AB}.AppStore|ARM.ActiveCfg = Debug|Any CPU
		{1AB29C53-A99E-432C-939A-AD8DC72BE3AB}.AppStore|ARM.Build.0 = Debug|Any CPU
		{1AB29C53-A99E-432C-939A-AD8DC72BE3AB}.AppStore|iPhone.ActiveCfg = Debug|Any CPU
		{1AB29C53-A99E-432C-939A-AD8DC72BE3AB}.AppStore|iPhone.Build.0 = Debug|Any CPU
		{1AB29C53-A99E-432C-939A-AD8DC72BE3AB}.AppStore|iPhoneSimulator.ActiveCfg = Debug|Any CPU
		{1AB29C53-A99E-432C-939A-AD8DC72BE3AB}.AppStore|iPhoneSimulator.Build.0 = Debug|Any CPU
		{1AB29C53-A99E-432C-939A-AD8DC72BE3AB}.AppStore|x64.ActiveCfg = Debug|Any CPU
		{1AB29C53-A99E-432C-939A-AD8DC72BE3AB}.AppStore|x64.Build.0 = Debug|Any CPU
		{1AB29C53-A99E-432C-939A-AD8DC72BE3AB}.AppStore|x86.ActiveCfg = Debug|Any CPU
		{1AB29C53-A99E-432C-939A-AD8DC72BE3AB}.AppStore|x86.Build.0 = Debug|Any CPU
		{1AB29C53-A99E-432C-939A-AD8DC72BE3AB}.Debug|Any CPU.ActiveCfg = Debug|Any CPU
		{1AB29C53-A99E-432C-939A-AD8DC72BE3AB}.Debug|Any CPU.Build.0 = Debug|Any CPU
		{1AB29C53-A99E-432C-939A-AD8DC72BE3AB}.Debug|ARM.ActiveCfg = Debug|Any CPU
		{1AB29C53-A99E-432C-939A-AD8DC72BE3AB}.Debug|ARM.Build.0 = Debug|Any CPU
		{1AB29C53-A99E-432C-939A-AD8DC72BE3AB}.Debug|iPhone.ActiveCfg = Debug|Any CPU
		{1AB29C53-A99E-432C-939A-AD8DC72BE3AB}.Debug|iPhone.Build.0 = Debug|Any CPU
		{1AB29C53-A99E-432C-939A-AD8DC72BE3AB}.Debug|iPhoneSimulator.ActiveCfg = Debug|Any CPU
		{1AB29C53-A99E-432C-939A-AD8DC72BE3AB}.Debug|iPhoneSimulator.Build.0 = Debug|Any CPU
		{1AB29C53-A99E-432C-939A-AD8DC72BE3AB}.Debug|x64.ActiveCfg = Debug|Any CPU
		{1AB29C53-A99E-432C-939A-AD8DC72BE3AB}.Debug|x64.Build.0 = Debug|Any CPU
		{1AB29C53-A99E-432C-939A-AD8DC72BE3AB}.Debug|x86.ActiveCfg = Debug|Any CPU
		{1AB29C53-A99E-432C-939A-AD8DC72BE3AB}.Debug|x86.Build.0 = Debug|Any CPU
		{1AB29C53-A99E-432C-939A-AD8DC72BE3AB}.Release|Any CPU.ActiveCfg = Release|Any CPU
		{1AB29C53-A99E-432C-939A-AD8DC72BE3AB}.Release|Any CPU.Build.0 = Release|Any CPU
		{1AB29C53-A99E-432C-939A-AD8DC72BE3AB}.Release|ARM.ActiveCfg = Release|Any CPU
		{1AB29C53-A99E-432C-939A-AD8DC72BE3AB}.Release|ARM.Build.0 = Release|Any CPU
		{1AB29C53-A99E-432C-939A-AD8DC72BE3AB}.Release|iPhone.ActiveCfg = Release|Any CPU
		{1AB29C53-A99E-432C-939A-AD8DC72BE3AB}.Release|iPhone.Build.0 = Release|Any CPU
		{1AB29C53-A99E-432C-939A-AD8DC72BE3AB}.Release|iPhoneSimulator.ActiveCfg = Release|Any CPU
		{1AB29C53-A99E-432C-939A-AD8DC72BE3AB}.Release|iPhoneSimulator.Build.0 = Release|Any CPU
		{1AB29C53-A99E-432C-939A-AD8DC72BE3AB}.Release|x64.ActiveCfg = Release|Any CPU
		{1AB29C53-A99E-432C-939A-AD8DC72BE3AB}.Release|x64.Build.0 = Release|Any CPU
		{1AB29C53-A99E-432C-939A-AD8DC72BE3AB}.Release|x86.ActiveCfg = Release|Any CPU
		{1AB29C53-A99E-432C-939A-AD8DC72BE3AB}.Release|x86.Build.0 = Release|Any CPU
		{9FFC59AC-FC95-4066-BB25-481B2EAEFAFC}.Ad-Hoc|Any CPU.ActiveCfg = Debug|Any CPU
		{9FFC59AC-FC95-4066-BB25-481B2EAEFAFC}.Ad-Hoc|Any CPU.Build.0 = Debug|Any CPU
		{9FFC59AC-FC95-4066-BB25-481B2EAEFAFC}.Ad-Hoc|ARM.ActiveCfg = Debug|Any CPU
		{9FFC59AC-FC95-4066-BB25-481B2EAEFAFC}.Ad-Hoc|ARM.Build.0 = Debug|Any CPU
		{9FFC59AC-FC95-4066-BB25-481B2EAEFAFC}.Ad-Hoc|iPhone.ActiveCfg = Debug|Any CPU
		{9FFC59AC-FC95-4066-BB25-481B2EAEFAFC}.Ad-Hoc|iPhone.Build.0 = Debug|Any CPU
		{9FFC59AC-FC95-4066-BB25-481B2EAEFAFC}.Ad-Hoc|iPhoneSimulator.ActiveCfg = Debug|Any CPU
		{9FFC59AC-FC95-4066-BB25-481B2EAEFAFC}.Ad-Hoc|iPhoneSimulator.Build.0 = Debug|Any CPU
		{9FFC59AC-FC95-4066-BB25-481B2EAEFAFC}.Ad-Hoc|x64.ActiveCfg = Debug|Any CPU
		{9FFC59AC-FC95-4066-BB25-481B2EAEFAFC}.Ad-Hoc|x64.Build.0 = Debug|Any CPU
		{9FFC59AC-FC95-4066-BB25-481B2EAEFAFC}.Ad-Hoc|x86.ActiveCfg = Debug|Any CPU
		{9FFC59AC-FC95-4066-BB25-481B2EAEFAFC}.Ad-Hoc|x86.Build.0 = Debug|Any CPU
		{9FFC59AC-FC95-4066-BB25-481B2EAEFAFC}.AppStore|Any CPU.ActiveCfg = Debug|Any CPU
		{9FFC59AC-FC95-4066-BB25-481B2EAEFAFC}.AppStore|Any CPU.Build.0 = Debug|Any CPU
		{9FFC59AC-FC95-4066-BB25-481B2EAEFAFC}.AppStore|ARM.ActiveCfg = Debug|Any CPU
		{9FFC59AC-FC95-4066-BB25-481B2EAEFAFC}.AppStore|ARM.Build.0 = Debug|Any CPU
		{9FFC59AC-FC95-4066-BB25-481B2EAEFAFC}.AppStore|iPhone.ActiveCfg = Debug|Any CPU
		{9FFC59AC-FC95-4066-BB25-481B2EAEFAFC}.AppStore|iPhone.Build.0 = Debug|Any CPU
		{9FFC59AC-FC95-4066-BB25-481B2EAEFAFC}.AppStore|iPhoneSimulator.ActiveCfg = Debug|Any CPU
		{9FFC59AC-FC95-4066-BB25-481B2EAEFAFC}.AppStore|iPhoneSimulator.Build.0 = Debug|Any CPU
		{9FFC59AC-FC95-4066-BB25-481B2EAEFAFC}.AppStore|x64.ActiveCfg = Debug|Any CPU
		{9FFC59AC-FC95-4066-BB25-481B2EAEFAFC}.AppStore|x64.Build.0 = Debug|Any CPU
		{9FFC59AC-FC95-4066-BB25-481B2EAEFAFC}.AppStore|x86.ActiveCfg = Debug|Any CPU
		{9FFC59AC-FC95-4066-BB25-481B2EAEFAFC}.AppStore|x86.Build.0 = Debug|Any CPU
		{9FFC59AC-FC95-4066-BB25-481B2EAEFAFC}.Debug|Any CPU.ActiveCfg = Debug|Any CPU
		{9FFC59AC-FC95-4066-BB25-481B2EAEFAFC}.Debug|Any CPU.Build.0 = Debug|Any CPU
		{9FFC59AC-FC95-4066-BB25-481B2EAEFAFC}.Debug|ARM.ActiveCfg = Debug|Any CPU
		{9FFC59AC-FC95-4066-BB25-481B2EAEFAFC}.Debug|ARM.Build.0 = Debug|Any CPU
		{9FFC59AC-FC95-4066-BB25-481B2EAEFAFC}.Debug|iPhone.ActiveCfg = Debug|Any CPU
		{9FFC59AC-FC95-4066-BB25-481B2EAEFAFC}.Debug|iPhone.Build.0 = Debug|Any CPU
		{9FFC59AC-FC95-4066-BB25-481B2EAEFAFC}.Debug|iPhoneSimulator.ActiveCfg = Debug|Any CPU
		{9FFC59AC-FC95-4066-BB25-481B2EAEFAFC}.Debug|iPhoneSimulator.Build.0 = Debug|Any CPU
		{9FFC59AC-FC95-4066-BB25-481B2EAEFAFC}.Debug|x64.ActiveCfg = Debug|Any CPU
		{9FFC59AC-FC95-4066-BB25-481B2EAEFAFC}.Debug|x64.Build.0 = Debug|Any CPU
		{9FFC59AC-FC95-4066-BB25-481B2EAEFAFC}.Debug|x86.ActiveCfg = Debug|Any CPU
		{9FFC59AC-FC95-4066-BB25-481B2EAEFAFC}.Debug|x86.Build.0 = Debug|Any CPU
		{9FFC59AC-FC95-4066-BB25-481B2EAEFAFC}.Release|Any CPU.ActiveCfg = Release|Any CPU
		{9FFC59AC-FC95-4066-BB25-481B2EAEFAFC}.Release|Any CPU.Build.0 = Release|Any CPU
		{9FFC59AC-FC95-4066-BB25-481B2EAEFAFC}.Release|ARM.ActiveCfg = Release|Any CPU
		{9FFC59AC-FC95-4066-BB25-481B2EAEFAFC}.Release|ARM.Build.0 = Release|Any CPU
		{9FFC59AC-FC95-4066-BB25-481B2EAEFAFC}.Release|iPhone.ActiveCfg = Release|Any CPU
		{9FFC59AC-FC95-4066-BB25-481B2EAEFAFC}.Release|iPhone.Build.0 = Release|Any CPU
		{9FFC59AC-FC95-4066-BB25-481B2EAEFAFC}.Release|iPhoneSimulator.ActiveCfg = Release|Any CPU
		{9FFC59AC-FC95-4066-BB25-481B2EAEFAFC}.Release|iPhoneSimulator.Build.0 = Release|Any CPU
		{9FFC59AC-FC95-4066-BB25-481B2EAEFAFC}.Release|x64.ActiveCfg = Release|Any CPU
		{9FFC59AC-FC95-4066-BB25-481B2EAEFAFC}.Release|x64.Build.0 = Release|Any CPU
		{9FFC59AC-FC95-4066-BB25-481B2EAEFAFC}.Release|x86.ActiveCfg = Release|Any CPU
		{9FFC59AC-FC95-4066-BB25-481B2EAEFAFC}.Release|x86.Build.0 = Release|Any CPU
	EndGlobalSection
	GlobalSection(SolutionProperties) = preSolution
		HideSolutionNode = FALSE
	EndGlobalSection
	GlobalSection(NestedProjects) = preSolution
		{031A66F6-22D3-4A87-8567-0718FE3F4AB9} = {29A07F70-B7B0-4F4F-AD4A-9A33BFD2D7CB}
		{BE23DDFD-1FF2-4EAA-B146-982AF8341EA1} = {29A07F70-B7B0-4F4F-AD4A-9A33BFD2D7CB}
		{77A808F1-2185-4713-B850-57FF90F9CE87} = {29A07F70-B7B0-4F4F-AD4A-9A33BFD2D7CB}
		{28FCDCBE-84FB-4C96-A4C6-F55FCBE53296} = {29A07F70-B7B0-4F4F-AD4A-9A33BFD2D7CB}
		{25A0987A-D691-4FD2-9ED1-7DC627B6BB43} = {181674AE-6D2B-4095-9DFD-BFB1658D7C9F}
		{CEDE6944-C3CF-4E41-BDF5-FAF7DBC1043E} = {181674AE-6D2B-4095-9DFD-BFB1658D7C9F}
		{6D8E8DF9-F8DC-4FAB-A4E4-B16BD086811D} = {181674AE-6D2B-4095-9DFD-BFB1658D7C9F}
		{DBD0BEE3-1242-411C-A4D3-2AD1F408A8F2} = {17B965ED-D75B-42B3-9CBF-6B80509CFD14}
		{08CDFCCC-7A99-4FFA-830C-076DA5733D34} = {181674AE-6D2B-4095-9DFD-BFB1658D7C9F}
		{ED3032E0-0AAE-4309-86F8-60E75D24F8B9} = {181674AE-6D2B-4095-9DFD-BFB1658D7C9F}
		{17B965ED-D75B-42B3-9CBF-6B80509CFD14} = {181674AE-6D2B-4095-9DFD-BFB1658D7C9F}
		{4DE652F0-4F37-4B22-AB81-BE1D194BAF6E} = {17B965ED-D75B-42B3-9CBF-6B80509CFD14}
		{1AB29C53-A99E-432C-939A-AD8DC72BE3AB} = {29A07F70-B7B0-4F4F-AD4A-9A33BFD2D7CB}
		{9FFC59AC-FC95-4066-BB25-481B2EAEFAFC} = {29A07F70-B7B0-4F4F-AD4A-9A33BFD2D7CB}
	EndGlobalSection
	GlobalSection(ExtensibilityGlobals) = postSolution
		SolutionGuid = {FB414D0C-400A-460E-B796-FBFB1AC900B5}
	EndGlobalSection
EndGlobal
